// !$*UTF8*$!
{
	archiveVersion = 1;
	classes = {
	};
	objectVersion = 50;
	objects = {

/* Begin PBXBuildFile section */
		651D2FAA222DA910000EFF46 /* AppDelegate.swift in Sources */ = {isa = PBXBuildFile; fileRef = 651D2FA9222DA910000EFF46 /* AppDelegate.swift */; };
		651D2FAC222DA910000EFF46 /* MainVC.swift in Sources */ = {isa = PBXBuildFile; fileRef = 651D2FAB222DA910000EFF46 /* MainVC.swift */; };
		651D2FAF222DA910000EFF46 /* Main.storyboard in Resources */ = {isa = PBXBuildFile; fileRef = 651D2FAD222DA910000EFF46 /* Main.storyboard */; };
		651D2FB1222DA914000EFF46 /* Assets.xcassets in Resources */ = {isa = PBXBuildFile; fileRef = 651D2FB0222DA914000EFF46 /* Assets.xcassets */; };
		651D2FB4222DA914000EFF46 /* LaunchScreen.storyboard in Resources */ = {isa = PBXBuildFile; fileRef = 651D2FB2222DA914000EFF46 /* LaunchScreen.storyboard */; };
		651D2FBE222E0FFF000EFF46 /* player.swift in Sources */ = {isa = PBXBuildFile; fileRef = 651D2FBD222E0FFF000EFF46 /* player.swift */; };
/* End PBXBuildFile section */

/* Begin PBXFileReference section */
		651D2FA6222DA910000EFF46 /* pennyplau.app */ = {isa = PBXFileReference; explicitFileType = wrapper.application; includeInIndex = 0; path = pennyplau.app; sourceTree = BUILT_PRODUCTS_DIR; };
		651D2FA9222DA910000EFF46 /* AppDelegate.swift */ = {isa = PBXFileReference; lastKnownFileType = sourcecode.swift; path = AppDelegate.swift; sourceTree = "<group>"; };
		651D2FAB222DA910000EFF46 /* MainVC.swift */ = {isa = PBXFileReference; lastKnownFileType = sourcecode.swift; path = MainVC.swift; sourceTree = "<group>"; };
		651D2FAE222DA910000EFF46 /* Base */ = {isa = PBXFileReference; lastKnownFileType = file.storyboard; name = Base; path = Base.lproj/Main.storyboard; sourceTree = "<group>"; };
		651D2FB0222DA914000EFF46 /* Assets.xcassets */ = {isa = PBXFileReference; lastKnownFileType = folder.assetcatalog; path = Assets.xcassets; sourceTree = "<group>"; };
		651D2FB3222DA914000EFF46 /* Base */ = {isa = PBXFileReference; lastKnownFileType = file.storyboard; name = Base; path = Base.lproj/LaunchScreen.storyboard; sourceTree = "<group>"; };
		651D2FB5222DA914000EFF46 /* Info.plist */ = {isa = PBXFileReference; lastKnownFileType = text.plist.xml; path = Info.plist; sourceTree = "<group>"; };
		651D2FBD222E0FFF000EFF46 /* player.swift */ = {isa = PBXFileReference; lastKnownFileType = sourcecode.swift; path = player.swift; sourceTree = "<group>"; };
/* End PBXFileReference section */

/* Begin PBXFrameworksBuildPhase section */
		651D2FA3222DA910000EFF46 /* Frameworks */ = {
			isa = PBXFrameworksBuildPhase;
			buildActionMask = 2147483647;
			files = (
			);
			runOnlyForDeploymentPostprocessing = 0;
		};
/* End PBXFrameworksBuildPhase section */

/* Begin PBXGroup section */
		651D2F9D222DA910000EFF46 = {
			isa = PBXGroup;
			children = (
				651D2FA8222DA910000EFF46 /* pennyplau */,
				651D2FA7222DA910000EFF46 /* Products */,
			);
			sourceTree = "<group>";
		};
		651D2FA7222DA910000EFF46 /* Products */ = {
			isa = PBXGroup;
			children = (
				651D2FA6222DA910000EFF46 /* pennyplau.app */,
			);
			name = Products;
			sourceTree = "<group>";
		};
		651D2FA8222DA910000EFF46 /* pennyplau */ = {
			isa = PBXGroup;
			children = (
				651D2FBC222E0EF2000EFF46 /* Model */,
				651D2FBB222DA92F000EFF46 /* Controller */,
				651D2FA9222DA910000EFF46 /* AppDelegate.swift */,
				651D2FAD222DA910000EFF46 /* Main.storyboard */,
				651D2FB0222DA914000EFF46 /* Assets.xcassets */,
				651D2FB2222DA914000EFF46 /* LaunchScreen.storyboard */,
				651D2FB5222DA914000EFF46 /* Info.plist */,
			);
			path = pennyplau;
			sourceTree = "<group>";
		};
		651D2FBB222DA92F000EFF46 /* Controller */ = {
			isa = PBXGroup;
			children = (
				651D2FAB222DA910000EFF46 /* MainVC.swift */,
			);
			path = Controller;
			sourceTree = "<group>";
		};
		651D2FBC222E0EF2000EFF46 /* Model */ = {
			isa = PBXGroup;
			children = (
				651D2FBD222E0FFF000EFF46 /* player.swift */,
			);
			path = Model;
			sourceTree = "<group>";
		};
/* End PBXGroup section */

/* Begin PBXNativeTarget section */
		651D2FA5222DA910000EFF46 /* pennyplau */ = {
			isa = PBXNativeTarget;
			buildConfigurationList = 651D2FB8222DA914000EFF46 /* Build configuration list for PBXNativeTarget "pennyplau" */;
			buildPhases = (
				651D2FA2222DA910000EFF46 /* Sources */,
				651D2FA3222DA910000EFF46 /* Frameworks */,
				651D2FA4222DA910000EFF46 /* Resources */,
			);
			buildRules = (
			);
			dependencies = (
			);
			name = pennyplau;
			productName = pennyplau;
			productReference = 651D2FA6222DA910000EFF46 /* pennyplau.app */;
			productType = "com.apple.product-type.application";
		};
/* End PBXNativeTarget section */

/* Begin PBXProject section */
		651D2F9E222DA910000EFF46 /* Project object */ = {
			isa = PBXProject;
			attributes = {
				LastSwiftUpdateCheck = 1010;
				LastUpgradeCheck = 1010;
				ORGANIZATIONNAME = "Emilda pvt. ltd.";
				TargetAttributes = {
					651D2FA5222DA910000EFF46 = {
						CreatedOnToolsVersion = 10.1;
					};
				};
			};
			buildConfigurationList = 651D2FA1222DA910000EFF46 /* Build configuration list for PBXProject "pennyplau" */;
			compatibilityVersion = "Xcode 9.3";
			developmentRegion = en;
			hasScannedForEncodings = 0;
			knownRegions = (
				en,
				Base,
			);
			mainGroup = 651D2F9D222DA910000EFF46;
			productRefGroup = 651D2FA7222DA910000EFF46 /* Products */;
			projectDirPath = "";
			projectRoot = "";
			targets = (
				651D2FA5222DA910000EFF46 /* pennyplau */,
			);
		};
/* End PBXProject section */

/* Begin PBXResourcesBuildPhase section */
		651D2FA4222DA910000EFF46 /* Resources */ = {
			isa = PBXResourcesBuildPhase;
			buildActionMask = 2147483647;
			files = (
				651D2FB4222DA914000EFF46 /* LaunchScreen.storyboard in Resources */,
				651D2FB1222DA914000EFF46 /* Assets.xcassets in Resources */,
				651D2FAF222DA910000EFF46 /* Main.storyboard in Resources */,
			);
			runOnlyForDeploymentPostprocessing = 0;
		};
/* End PBXResourcesBuildPhase section */

/* Begin PBXSourcesBuildPhase section */
		651D2FA2222DA910000EFF46 /* Sources */ = {
			isa = PBXSourcesBuildPhase;
			buildActionMask = 2147483647;
			files = (
				651D2FAC222DA910000EFF46 /* MainVC.swift in Sources */,
				651D2FBE222E0FFF000EFF46 /* player.swift in Sources */,
				651D2FAA222DA910000EFF46 /* AppDelegate.swift in Sources */,
			);
			runOnlyForDeploymentPostprocessing = 0;
		};
/* End PBXSourcesBuildPhase section */

/* Begin PBXVariantGroup section */
		651D2FAD222DA910000EFF46 /* Main.storyboard */ = {
			isa = PBXVariantGroup;
			children = (
				651D2FAE222DA910000EFF46 /* Base */,
			);
			name = Main.storyboard;
			sourceTree = "<group>";
		};
		651D2FB2222DA914000EFF46 /* LaunchScreen.storyboard */ = {
			isa = PBXVariantGroup;
			children = (
				651D2FB3222DA914000EFF46 /* Base */,
			);
			name = LaunchScreen.storyboard;
			sourceTree = "<group>";
		};
/* End PBXVariantGroup section */

/* Begin XCBuildConfiguration section */
		651D2FB6222DA914000EFF46 /* Debug */ = {
			isa = XCBuildConfiguration;
			buildSettings = {
				ALWAYS_SEARCH_USER_PATHS = NO;
				CLANG_ANALYZER_NONNULL = YES;
				CLANG_ANALYZER_NUMBER_OBJECT_CONVERSION = YES_AGGRESSIVE;
				CLANG_CXX_LANGUAGE_STANDARD = "gnu++14";
				CLANG_CXX_LIBRARY = "libc++";
				CLANG_ENABLE_MODULES = YES;
				CLANG_ENABLE_OBJC_ARC = YES;
				CLANG_ENABLE_OBJC_WEAK = YES;
				CLANG_WARN_BLOCK_CAPTURE_AUTORELEASING = YES;
				CLANG_WARN_BOOL_CONVERSION = YES;
				CLANG_WARN_COMMA = YES;
				CLANG_WARN_CONSTANT_CONVERSION = YES;
				CLANG_WARN_DEPRECATED_OBJC_IMPLEMENTATIONS = YES;
				CLANG_WARN_DIRECT_OBJC_ISA_USAGE = YES_ERROR;
				CLANG_WARN_DOCUMENTATION_COMMENTS = YES;
				CLANG_WARN_EMPTY_BODY = YES;
				CLANG_WARN_ENUM_CONVERSION = YES;
				CLANG_WARN_INFINITE_RECURSION = YES;
				CLANG_WARN_INT_CONVERSION = YES;
				CLANG_WARN_NON_LITERAL_NULL_CONVERSION = YES;
				CLANG_WARN_OBJC_IMPLICIT_RETAIN_SELF = YES;
				CLANG_WARN_OBJC_LITERAL_CONVERSION = YES;
				CLANG_WARN_OBJC_ROOT_CLASS = YES_ERROR;
				CLANG_WARN_RANGE_LOOP_ANALYSIS = YES;
				CLANG_WARN_STRICT_PROTOTYPES = YES;
				CLANG_WARN_SUSPICIOUS_MOVE = YES;
				CLANG_WARN_UNGUARDED_AVAILABILITY = YES_AGGRESSIVE;
				CLANG_WARN_UNREACHABLE_CODE = YES;
				CLANG_WARN__DUPLICATE_METHOD_MATCH = YES;
				CODE_SIGN_IDENTITY = "iPhone Developer";
				COPY_PHASE_STRIP = NO;
				DEBUG_INFORMATION_FORMAT = dwarf;
				ENABLE_STRICT_OBJC_MSGSEND = YES;
				ENABLE_TESTABILITY = YES;
				GCC_C_LANGUAGE_STANDARD = gnu11;
				GCC_DYNAMIC_NO_PIC = NO;
				GCC_NO_COMMON_BLOCKS = YES;
				GCC_OPTIMIZATION_LEVEL = 0;
				GCC_PREPROCESSOR_DEFINITIONS = (
					"DEBUG=1",
					"$(inherited)",
				);
				GCC_WARN_64_TO_32_BIT_CONVERSION = YES;
				GCC_WARN_ABOUT_RETURN_TYPE = YES_ERROR;
				GCC_WARN_UNDECLARED_SELECTOR = YES;
				GCC_WARN_UNINITIALIZED_AUTOS = YES_AGGRESSIVE;
				GCC_WARN_UNUSED_FUNCTION = YES;
				GCC_WARN_UNUSED_VARIABLE = YES;
				IPHONEOS_DEPLOYMENT_TARGET = 12.1;
				MTL_ENABLE_DEBUG_INFO = INCLUDE_SOURCE;
				MTL_FAST_MATH = YES;
				ONLY_ACTIVE_ARCH = YES;
				SDKROOT = iphoneos;
				SWIFT_ACTIVE_COMPILATION_CONDITIONS = DEBUG;
				SWIFT_OPTIMIZATION_LEVEL = "-Onone";
			};
			name = Debug;
		};
		651D2FB7222DA914000EFF46 /* Release */ = {
			isa = XCBuildConfiguration;
			buildSettings = {
				ALWAYS_SEARCH_USER_PATHS = NO;
				CLANG_ANALYZER_NONNULL = YES;
				CLANG_ANALYZER_NUMBER_OBJECT_CONVERSION = YES_AGGRESSIVE;
				CLANG_CXX_LANGUAGE_STANDARD = "gnu++14";
				CLANG_CXX_LIBRARY = "libc++";
				CLANG_ENABLE_MODULES = YES;
				CLANG_ENABLE_OBJC_ARC = YES;
				CLANG_ENABLE_OBJC_WEAK = YES;
				CLANG_WARN_BLOCK_CAPTURE_AUTORELEASING = YES;
				CLANG_WARN_BOOL_CONVERSION = YES;
				CLANG_WARN_COMMA = YES;
				CLANG_WARN_CONSTANT_CONVERSION = YES;
				CLANG_WARN_DEPRECATED_OBJC_IMPLEMENTATIONS = YES;
				CLANG_WARN_DIRECT_OBJC_ISA_USAGE = YES_ERROR;
				CLANG_WARN_DOCUMENTATION_COMMENTS = YES;
				CLANG_WARN_EMPTY_BODY = YES;
				CLANG_WARN_ENUM_CONVERSION = YES;
				CLANG_WARN_INFINITE_RECURSION = YES;
				CLANG_WARN_INT_CONVERSION = YES;
				CLANG_WARN_NON_LITERAL_NULL_CONVERSION = YES;
				CLANG_WARN_OBJC_IMPLICIT_RETAIN_SELF = YES;
				CLANG_WARN_OBJC_LITERAL_CONVERSION = YES;
				CLANG_WARN_OBJC_ROOT_CLASS = YES_ERROR;
				CLANG_WARN_RANGE_LOOP_ANALYSIS = YES;
				CLANG_WARN_STRICT_PROTOTYPES = YES;
				CLANG_WARN_SUSPICIOUS_MOVE = YES;
				CLANG_WARN_UNGUARDED_AVAILABILITY = YES_AGGRESSIVE;
				CLANG_WARN_UNREACHABLE_CODE = YES;
				CLANG_WARN__DUPLICATE_METHOD_MATCH = YES;
				CODE_SIGN_IDENTITY = "iPhone Developer";
				COPY_PHASE_STRIP = NO;
				DEBUG_INFORMATION_FORMAT = "dwarf-with-dsym";
				ENABLE_NS_ASSERTIONS = NO;
				ENABLE_STRICT_OBJC_MSGSEND = YES;
				GCC_C_LANGUAGE_STANDARD = gnu11;
				GCC_NO_COMMON_BLOCKS = YES;
				GCC_WARN_64_TO_32_BIT_CONVERSION = YES;
				GCC_WARN_ABOUT_RETURN_TYPE = YES_ERROR;
				GCC_WARN_UNDECLARED_SELECTOR = YES;
				GCC_WARN_UNINITIALIZED_AUTOS = YES_AGGRESSIVE;
				GCC_WARN_UNUSED_FUNCTION = YES;
				GCC_WARN_UNUSED_VARIABLE = YES;
				IPHONEOS_DEPLOYMENT_TARGET = 12.1;
				MTL_ENABLE_DEBUG_INFO = NO;
				MTL_FAST_MATH = YES;
				SDKROOT = iphoneos;
				SWIFT_COMPILATION_MODE = wholemodule;
				SWIFT_OPTIMIZATION_LEVEL = "-O";
				VALIDATE_PRODUCT = YES;
			};
			name = Release;
		};
		651D2FB9222DA914000EFF46 /* Debug */ = {
			isa = XCBuildConfiguration;
			buildSettings = {
				ASSETCATALOG_COMPILER_APPICON_NAME = AppIcon;
				CODE_SIGN_STYLE = Automatic;
				DEVELOPMENT_TEAM = 2X86YAY9S6;
				INFOPLIST_FILE = pennyplau/Info.plist;
				LD_RUNPATH_SEARCH_PATHS = (
					"$(inherited)",
					"@executable_path/Frameworks",
				);
				PRODUCT_BUNDLE_IDENTIFIER = in.emild.pennyplau;
				PRODUCT_NAME = "$(TARGET_NAME)";
				SWIFT_VERSION = 4.2;
				TARGETED_DEVICE_FAMILY = "1,2";
			};
			name = Debug;
		};
		651D2FBA222DA914000EFF46 /* Release */ = {
			isa = XCBuildConfiguration;
			buildSettings = {
				ASSETCATALOG_COMPILER_APPICON_NAME = AppIcon;
				CODE_SIGN_STYLE = Automatic;
				DEVELOPMENT_TEAM = 2X86YAY9S6;
				INFOPLIST_FILE = pennyplau/Info.plist;
				LD_RUNPATH_SEARCH_PATHS = (
					"$(inherited)",
					"@executable_path/Frameworks",
				);
				PRODUCT_BUNDLE_IDENTIFIER = in.emild.pennyplau;
				PRODUCT_NAME = "$(TARGET_NAME)";
				SWIFT_VERSION = 4.2;
				TARGETED_DEVICE_FAMILY = "1,2";
			};
			name = Release;
		};
/* End XCBuildConfiguration section */

/* Begin XCConfigurationList section */
		651D2FA1222DA910000EFF46 /* Build configuration list for PBXProject "pennyplau" */ = {
			isa = XCConfigurationList;
			buildConfigurations = (
				651D2FB6222DA914000EFF46 /* Debug */,
				651D2FB7222DA914000EFF46 /* Release */,
			);
			defaultConfigurationIsVisible = 0;
			defaultConfigurationName = Release;
		};
		651D2FB8222DA914000EFF46 /* Build configuration list for PBXNativeTarget "pennyplau" */ = {
			isa = XCConfigurationList;
			buildConfigurations = (
				651D2FB9222DA914000EFF46 /* Debug */,
				651D2FBA222DA914000EFF46 /* Release */,
			);
			defaultConfigurationIsVisible = 0;
			defaultConfigurationName = Release;
		};
/* End XCConfigurationList section */
	};
	rootObject = 651D2F9E222DA910000EFF46 /* Project object */;
}
